
Microsoft Visual Studio Solution File, Format Version 12.00
# Visual Studio Version 16
VisualStudioVersion = 16.0.32106.194
MinimumVisualStudioVersion = 10.0.40219.1
Project("{FAE04EC0-301F-11D3-BF4B-00C04F79EFBC}") = "ApiMetrixPe", "ApiMetrixPe\ApiMetrixPe.csproj", "{F3EA197D-1998-4062-A4F5-4E2F0C8D381A}"
EndProject
Project("{FAE04EC0-301F-11D3-BF4B-00C04F79EFBC}") = "MetrixPeBusiness", "MetrixPeBusiness\MetrixPeBusiness.csproj", "{D77FCC94-4F53-4167-ACD6-1C2531037F2F}"
EndProject
Project("{FAE04EC0-301F-11D3-BF4B-00C04F79EFBC}") = "MetrixPeDataAccess", "MetrixPeDataAccess\MetrixPeDataAccess.csproj", "{7FD44625-81CC-4731-BD10-B253235A3CE4}"
EndProject
Project("{FAE04EC0-301F-11D3-BF4B-00C04F79EFBC}") = "MetrixPeEntities", "MetrixPeEntities\MetrixPeEntities.csproj", "{14E08FCA-B553-48C6-8E9E-36D00964DD4C}"
EndProject
Global
	GlobalSection(SolutionConfigurationPlatforms) = preSolution
		Debug|Any CPU = Debug|Any CPU
		Release|Any CPU = Release|Any CPU
	EndGlobalSection
	GlobalSection(ProjectConfigurationPlatforms) = postSolution
		{F3EA197D-1998-4062-A4F5-4E2F0C8D381A}.Debug|Any CPU.ActiveCfg = Debug|Any CPU
		{F3EA197D-1998-4062-A4F5-4E2F0C8D381A}.Debug|Any CPU.Build.0 = Debug|Any CPU
		{F3EA197D-1998-4062-A4F5-4E2F0C8D381A}.Release|Any CPU.ActiveCfg = Release|Any CPU
		{F3EA197D-1998-4062-A4F5-4E2F0C8D381A}.Release|Any CPU.Build.0 = Release|Any CPU
		{D77FCC94-4F53-4167-ACD6-1C2531037F2F}.Debug|Any CPU.ActiveCfg = Debug|Any CPU
		{D77FCC94-4F53-4167-ACD6-1C2531037F2F}.Debug|Any CPU.Build.0 = Debug|Any CPU
		{D77FCC94-4F53-4167-ACD6-1C2531037F2F}.Release|Any CPU.ActiveCfg = Release|Any CPU
		{D77FCC94-4F53-4167-ACD6-1C2531037F2F}.Release|Any CPU.Build.0 = Release|Any CPU
		{7FD44625-81CC-4731-BD10-B253235A3CE4}.Debug|Any CPU.ActiveCfg = Debug|Any CPU
		{7FD44625-81CC-4731-BD10-B253235A3CE4}.Debug|Any CPU.Build.0 = Debug|Any CPU
		{7FD44625-81CC-4731-BD10-B253235A3CE4}.Release|Any CPU.ActiveCfg = Release|Any CPU
		{7FD44625-81CC-4731-BD10-B253235A3CE4}.Release|Any CPU.Build.0 = Release|Any CPU
		{14E08FCA-B553-48C6-8E9E-36D00964DD4C}.Debug|Any CPU.ActiveCfg = Debug|Any CPU
		{14E08FCA-B553-48C6-8E9E-36D00964DD4C}.Debug|Any CPU.Build.0 = Debug|Any CPU
		{14E08FCA-B553-48C6-8E9E-36D00964DD4C}.Release|Any CPU.ActiveCfg = Release|Any CPU
		{14E08FCA-B553-48C6-8E9E-36D00964DD4C}.Release|Any CPU.Build.0 = Release|Any CPU
	EndGlobalSection
	GlobalSection(SolutionProperties) = preSolution
		HideSolutionNode = FALSE
	EndGlobalSection
	GlobalSection(ExtensibilityGlobals) = postSolution
		SolutionGuid = {C1ACC964-1DE4-4D64-BEE6-2E6D6838A9EA}
	EndGlobalSection
EndGlobal
